
Microsoft Visual Studio Solution File, Format Version 12.00
# Visual Studio Version 16
VisualStudioVersion = 16.0.30717.126
MinimumVisualStudioVersion = 10.0.40219.1
Project("{FAE04EC0-301F-11D3-BF4B-00C04F79EFBC}") = "29.10.2021tap3", "29.10.2021tap3\29.10.2021tap3.csproj", "{F0CF7235-8622-4DB5-8B48-9AA47D7895B9}"
EndProject
Global
	GlobalSection(SolutionConfigurationPlatforms) = preSolution
		Debug|Any CPU = Debug|Any CPU
		Release|Any CPU = Release|Any CPU
	EndGlobalSection
	GlobalSection(ProjectConfigurationPlatforms) = postSolution
		{F0CF7235-8622-4DB5-8B48-9AA47D7895B9}.Debug|Any CPU.ActiveCfg = Debug|Any CPU
		{F0CF7235-8622-4DB5-8B48-9AA47D7895B9}.Debug|Any CPU.Build.0 = Debug|Any CPU
		{F0CF7235-8622-4DB5-8B48-9AA47D7895B9}.Release|Any CPU.ActiveCfg = Release|Any CPU
		{F0CF7235-8622-4DB5-8B48-9AA47D7895B9}.Release|Any CPU.Build.0 = Release|Any CPU
	EndGlobalSection
	GlobalSection(SolutionProperties) = preSolution
		HideSolutionNode = FALSE
	EndGlobalSection
	GlobalSection(ExtensibilityGlobals) = postSolution
		SolutionGuid = {4D51A9B2-A7F0-4256-8960-DC3AC3DD4B0D}
	EndGlobalSection
EndGlobal
